
Microsoft Visual Studio Solution File, Format Version 12.00
# Visual Studio 15
VisualStudioVersion = 15.0.26430.12
MinimumVisualStudioVersion = 10.0.40219.1
Project("{FAE04EC0-301F-11D3-BF4B-00C04F79EFBC}") = "LoginFacebook.Android", "LoginFacebook\LoginFacebook.Android\LoginFacebook.Android.csproj", "{9CD8FEC5-942E-4030-9CDE-899B797B04E9}"
EndProject
Project("{FAE04EC0-301F-11D3-BF4B-00C04F79EFBC}") = "LoginFacebook", "LoginFacebook\LoginFacebook\LoginFacebook.csproj", "{8798BF0A-0105-44FC-8CA9-2C310D3FE90A}"
EndProject
Project("{FAE04EC0-301F-11D3-BF4B-00C04F79EFBC}") = "LoginFacebook.UWP", "LoginFacebook\LoginFacebook.UWP\LoginFacebook.UWP.csproj", "{5CDE060D-C365-45E9-943A-94F74321DE34}"
EndProject
Project("{FAE04EC0-301F-11D3-BF4B-00C04F79EFBC}") = "LoginFacebook.iOS", "LoginFacebook\LoginFacebook.iOS\LoginFacebook.iOS.csproj", "{D45BB954-8254-4FBE-AFDA-0C5735EA9641}"
EndProject
Global
	GlobalSection(SolutionConfigurationPlatforms) = preSolution
		Ad-Hoc|Any CPU = Ad-Hoc|Any CPU
		Ad-Hoc|ARM = Ad-Hoc|ARM
		Ad-Hoc|iPhone = Ad-Hoc|iPhone
		Ad-Hoc|iPhoneSimulator = Ad-Hoc|iPhoneSimulator
		Ad-Hoc|x64 = Ad-Hoc|x64
		Ad-Hoc|x86 = Ad-Hoc|x86
		AppStore|Any CPU = AppStore|Any CPU
		AppStore|ARM = AppStore|ARM
		AppStore|iPhone = AppStore|iPhone
		AppStore|iPhoneSimulator = AppStore|iPhoneSimulator
		AppStore|x64 = AppStore|x64
		AppStore|x86 = AppStore|x86
		Debug|Any CPU = Debug|Any CPU
		Debug|ARM = Debug|ARM
		Debug|iPhone = Debug|iPhone
		Debug|iPhoneSimulator = Debug|iPhoneSimulator
		Debug|x64 = Debug|x64
		Debug|x86 = Debug|x86
		Release|Any CPU = Release|Any CPU
		Release|ARM = Release|ARM
		Release|iPhone = Release|iPhone
		Release|iPhoneSimulator = Release|iPhoneSimulator
		Release|x64 = Release|x64
		Release|x86 = Release|x86
	EndGlobalSection
	GlobalSection(ProjectConfigurationPlatforms) = postSolution
		{9CD8FEC5-942E-4030-9CDE-899B797B04E9}.Ad-Hoc|Any CPU.ActiveCfg = Release|Any CPU
		{9CD8FEC5-942E-4030-9CDE-899B797B04E9}.Ad-Hoc|Any CPU.Build.0 = Release|Any CPU
		{9CD8FEC5-942E-4030-9CDE-899B797B04E9}.Ad-Hoc|Any CPU.Deploy.0 = Release|Any CPU
		{9CD8FEC5-942E-4030-9CDE-899B797B04E9}.Ad-Hoc|ARM.ActiveCfg = Release|Any CPU
		{9CD8FEC5-942E-4030-9CDE-899B797B04E9}.Ad-Hoc|ARM.Build.0 = Release|Any CPU
		{9CD8FEC5-942E-4030-9CDE-899B797B04E9}.Ad-Hoc|ARM.Deploy.0 = Release|Any CPU
		{9CD8FEC5-942E-4030-9CDE-899B797B04E9}.Ad-Hoc|iPhone.ActiveCfg = Release|Any CPU
		{9CD8FEC5-942E-4030-9CDE-899B797B04E9}.Ad-Hoc|iPhone.Build.0 = Release|Any CPU
		{9CD8FEC5-942E-4030-9CDE-899B797B04E9}.Ad-Hoc|iPhone.Deploy.0 = Release|Any CPU
		{9CD8FEC5-942E-4030-9CDE-899B797B04E9}.Ad-Hoc|iPhoneSimulator.ActiveCfg = Release|Any CPU
		{9CD8FEC5-942E-4030-9CDE-899B797B04E9}.Ad-Hoc|iPhoneSimulator.Build.0 = Release|Any CPU
		{9CD8FEC5-942E-4030-9CDE-899B797B04E9}.Ad-Hoc|iPhoneSimulator.Deploy.0 = Release|Any CPU
		{9CD8FEC5-942E-4030-9CDE-899B797B04E9}.Ad-Hoc|x64.ActiveCfg = Release|Any CPU
		{9CD8FEC5-942E-4030-9CDE-899B797B04E9}.Ad-Hoc|x64.Build.0 = Release|Any CPU
		{9CD8FEC5-942E-4030-9CDE-899B797B04E9}.Ad-Hoc|x64.Deploy.0 = Release|Any CPU
		{9CD8FEC5-942E-4030-9CDE-899B797B04E9}.Ad-Hoc|x86.ActiveCfg = Release|Any CPU
		{9CD8FEC5-942E-4030-9CDE-899B797B04E9}.Ad-Hoc|x86.Build.0 = Release|Any CPU
		{9CD8FEC5-942E-4030-9CDE-899B797B04E9}.Ad-Hoc|x86.Deploy.0 = Release|Any CPU
		{9CD8FEC5-942E-4030-9CDE-899B797B04E9}.AppStore|Any CPU.ActiveCfg = Release|Any CPU
		{9CD8FEC5-942E-4030-9CDE-899B797B04E9}.AppStore|Any CPU.Build.0 = Release|Any CPU
		{9CD8FEC5-942E-4030-9CDE-899B797B04E9}.AppStore|Any CPU.Deploy.0 = Release|Any CPU
		{9CD8FEC5-942E-4030-9CDE-899B797B04E9}.AppStore|ARM.ActiveCfg = Release|Any CPU
		{9CD8FEC5-942E-4030-9CDE-899B797B04E9}.AppStore|ARM.Build.0 = Release|Any CPU
		{9CD8FEC5-942E-4030-9CDE-899B797B04E9}.AppStore|ARM.Deploy.0 = Release|Any CPU
		{9CD8FEC5-942E-4030-9CDE-899B797B04E9}.AppStore|iPhone.ActiveCfg = Release|Any CPU
		{9CD8FEC5-942E-4030-9CDE-899B797B04E9}.AppStore|iPhone.Build.0 = Release|Any CPU
		{9CD8FEC5-942E-4030-9CDE-899B797B04E9}.AppStore|iPhone.Deploy.0 = Release|Any CPU
		{9CD8FEC5-942E-4030-9CDE-899B797B04E9}.AppStore|iPhoneSimulator.ActiveCfg = Release|Any CPU
		{9CD8FEC5-942E-4030-9CDE-899B797B04E9}.AppStore|iPhoneSimulator.Build.0 = Release|Any CPU
		{9CD8FEC5-942E-4030-9CDE-899B797B04E9}.AppStore|iPhoneSimulator.Deploy.0 = Release|Any CPU
		{9CD8FEC5-942E-4030-9CDE-899B797B04E9}.AppStore|x64.ActiveCfg = Release|Any CPU
		{9CD8FEC5-942E-4030-9CDE-899B797B04E9}.AppStore|x64.Build.0 = Release|Any CPU
		{9CD8FEC5-942E-4030-9CDE-899B797B04E9}.AppStore|x64.Deploy.0 = Release|Any CPU
		{9CD8FEC5-942E-4030-9CDE-899B797B04E9}.AppStore|x86.ActiveCfg = Release|Any CPU
		{9CD8FEC5-942E-4030-9CDE-899B797B04E9}.AppStore|x86.Build.0 = Release|Any CPU
		{9CD8FEC5-942E-4030-9CDE-899B797B04E9}.AppStore|x86.Deploy.0 = Release|Any CPU
		{9CD8FEC5-942E-4030-9CDE-899B797B04E9}.Debug|Any CPU.ActiveCfg = Debug|Any CPU
		{9CD8FEC5-942E-4030-9CDE-899B797B04E9}.Debug|Any CPU.Build.0 = Debug|Any CPU
		{9CD8FEC5-942E-4030-9CDE-899B797B04E9}.Debug|Any CPU.Deploy.0 = Debug|Any CPU
		{9CD8FEC5-942E-4030-9CDE-899B797B04E9}.Debug|ARM.ActiveCfg = Debug|Any CPU
		{9CD8FEC5-942E-4030-9CDE-899B797B04E9}.Debug|ARM.Build.0 = Debug|Any CPU
		{9CD8FEC5-942E-4030-9CDE-899B797B04E9}.Debug|ARM.Deploy.0 = Debug|Any CPU
		{9CD8FEC5-942E-4030-9CDE-899B797B04E9}.Debug|iPhone.ActiveCfg = Debug|Any CPU
		{9CD8FEC5-942E-4030-9CDE-899B797B04E9}.Debug|iPhone.Build.0 = Debug|Any CPU
		{9CD8FEC5-942E-4030-9CDE-899B797B04E9}.Debug|iPhone.Deploy.0 = Debug|Any CPU
		{9CD8FEC5-942E-4030-9CDE-899B797B04E9}.Debug|iPhoneSimulator.ActiveCfg = Debug|Any CPU
		{9CD8FEC5-942E-4030-9CDE-899B797B04E9}.Debug|iPhoneSimulator.Build.0 = Debug|Any CPU
		{9CD8FEC5-942E-4030-9CDE-899B797B04E9}.Debug|iPhoneSimulator.Deploy.0 = Debug|Any CPU
		{9CD8FEC5-942E-4030-9CDE-899B797B04E9}.Debug|x64.ActiveCfg = Debug|Any CPU
		{9CD8FEC5-942E-4030-9CDE-899B797B04E9}.Debug|x64.Build.0 = Debug|Any CPU
		{9CD8FEC5-942E-4030-9CDE-899B797B04E9}.Debug|x64.Deploy.0 = Debug|Any CPU
		{9CD8FEC5-942E-4030-9CDE-899B797B04E9}.Debug|x86.ActiveCfg = Debug|Any CPU
		{9CD8FEC5-942E-4030-9CDE-899B797B04E9}.Debug|x86.Build.0 = Debug|Any CPU
		{9CD8FEC5-942E-4030-9CDE-899B797B04E9}.Debug|x86.Deploy.0 = Debug|Any CPU
		{9CD8FEC5-942E-4030-9CDE-899B797B04E9}.Release|Any CPU.ActiveCfg = Release|Any CPU
		{9CD8FEC5-942E-4030-9CDE-899B797B04E9}.Release|Any CPU.Build.0 = Release|Any CPU
		{9CD8FEC5-942E-4030-9CDE-899B797B04E9}.Release|Any CPU.Deploy.0 = Release|Any CPU
		{9CD8FEC5-942E-4030-9CDE-899B797B04E9}.Release|ARM.ActiveCfg = Release|Any CPU
		{9CD8FEC5-942E-4030-9CDE-899B797B04E9}.Release|ARM.Build.0 = Release|Any CPU
		{9CD8FEC5-942E-4030-9CDE-899B797B04E9}.Release|ARM.Deploy.0 = Release|Any CPU
		{9CD8FEC5-942E-4030-9CDE-899B797B04E9}.Release|iPhone.ActiveCfg = Release|Any CPU
		{9CD8FEC5-942E-4030-9CDE-899B797B04E9}.Release|iPhone.Build.0 = Release|Any CPU
		{9CD8FEC5-942E-4030-9CDE-899B797B04E9}.Release|iPhone.Deploy.0 = Release|Any CPU
		{9CD8FEC5-942E-4030-9CDE-899B797B04E9}.Release|iPhoneSimulator.ActiveCfg = Release|Any CPU
		{9CD8FEC5-942E-4030-9CDE-899B797B04E9}.Release|iPhoneSimulator.Build.0 = Release|Any CPU
		{9CD8FEC5-942E-4030-9CDE-899B797B04E9}.Release|iPhoneSimulator.Deploy.0 = Release|Any CPU
		{9CD8FEC5-942E-4030-9CDE-899B797B04E9}.Release|x64.ActiveCfg = Release|Any CPU
		{9CD8FEC5-942E-4030-9CDE-899B797B04E9}.Release|x64.Build.0 = Release|Any CPU
		{9CD8FEC5-942E-4030-9CDE-899B797B04E9}.Release|x64.Deploy.0 = Release|Any CPU
		{9CD8FEC5-942E-4030-9CDE-899B797B04E9}.Release|x86.ActiveCfg = Release|Any CPU
		{9CD8FEC5-942E-4030-9CDE-899B797B04E9}.Release|x86.Build.0 = Release|Any CPU
		{9CD8FEC5-942E-4030-9CDE-899B797B04E9}.Release|x86.Deploy.0 = Release|Any CPU
		{8798BF0A-0105-44FC-8CA9-2C310D3FE90A}.Ad-Hoc|Any CPU.ActiveCfg = Release|Any CPU
		{8798BF0A-0105-44FC-8CA9-2C310D3FE90A}.Ad-Hoc|Any CPU.Build.0 = Release|Any CPU
		{8798BF0A-0105-44FC-8CA9-2C310D3FE90A}.Ad-Hoc|ARM.ActiveCfg = Release|Any CPU
		{8798BF0A-0105-44FC-8CA9-2C310D3FE90A}.Ad-Hoc|ARM.Build.0 = Release|Any CPU
		{8798BF0A-0105-44FC-8CA9-2C310D3FE90A}.Ad-Hoc|iPhone.ActiveCfg = Release|Any CPU
		{8798BF0A-0105-44FC-8CA9-2C310D3FE90A}.Ad-Hoc|iPhone.Build.0 = Release|Any CPU
		{8798BF0A-0105-44FC-8CA9-2C310D3FE90A}.Ad-Hoc|iPhoneSimulator.ActiveCfg = Release|Any CPU
		{8798BF0A-0105-44FC-8CA9-2C310D3FE90A}.Ad-Hoc|iPhoneSimulator.Build.0 = Release|Any CPU
		{8798BF0A-0105-44FC-8CA9-2C310D3FE90A}.Ad-Hoc|x64.ActiveCfg = Release|Any CPU
		{8798BF0A-0105-44FC-8CA9-2C310D3FE90A}.Ad-Hoc|x64.Build.0 = Release|Any CPU
		{8798BF0A-0105-44FC-8CA9-2C310D3FE90A}.Ad-Hoc|x86.ActiveCfg = Release|Any CPU
		{8798BF0A-0105-44FC-8CA9-2C310D3FE90A}.Ad-Hoc|x86.Build.0 = Release|Any CPU
		{8798BF0A-0105-44FC-8CA9-2C310D3FE90A}.AppStore|Any CPU.ActiveCfg = Release|Any CPU
		{8798BF0A-0105-44FC-8CA9-2C310D3FE90A}.AppStore|Any CPU.Build.0 = Release|Any CPU
		{8798BF0A-0105-44FC-8CA9-2C310D3FE90A}.AppStore|ARM.ActiveCfg = Release|Any CPU
		{8798BF0A-0105-44FC-8CA9-2C310D3FE90A}.AppStore|ARM.Build.0 = Release|Any CPU
		{8798BF0A-0105-44FC-8CA9-2C310D3FE90A}.AppStore|iPhone.ActiveCfg = Release|Any CPU
		{8798BF0A-0105-44FC-8CA9-2C310D3FE90A}.AppStore|iPhone.Build.0 = Release|Any CPU
		{8798BF0A-0105-44FC-8CA9-2C310D3FE90A}.AppStore|iPhoneSimulator.ActiveCfg = Release|Any CPU
		{8798BF0A-0105-44FC-8CA9-2C310D3FE90A}.AppStore|iPhoneSimulator.Build.0 = Release|Any CPU
		{8798BF0A-0105-44FC-8CA9-2C310D3FE90A}.AppStore|x64.ActiveCfg = Release|Any CPU
		{8798BF0A-0105-44FC-8CA9-2C310D3FE90A}.AppStore|x64.Build.0 = Release|Any CPU
		{8798BF0A-0105-44FC-8CA9-2C310D3FE90A}.AppStore|x86.ActiveCfg = Release|Any CPU
		{8798BF0A-0105-44FC-8CA9-2C310D3FE90A}.AppStore|x86.Build.0 = Release|Any CPU
		{8798BF0A-0105-44FC-8CA9-2C310D3FE90A}.Debug|Any CPU.ActiveCfg = Debug|Any CPU
		{8798BF0A-0105-44FC-8CA9-2C310D3FE90A}.Debug|Any CPU.Build.0 = Debug|Any CPU
		{8798BF0A-0105-44FC-8CA9-2C310D3FE90A}.Debug|ARM.ActiveCfg = Debug|Any CPU
		{8798BF0A-0105-44FC-8CA9-2C310D3FE90A}.Debug|ARM.Build.0 = Debug|Any CPU
		{8798BF0A-0105-44FC-8CA9-2C310D3FE90A}.Debug|iPhone.ActiveCfg = Debug|Any CPU
		{8798BF0A-0105-44FC-8CA9-2C310D3FE90A}.Debug|iPhone.Build.0 = Debug|Any CPU
		{8798BF0A-0105-44FC-8CA9-2C310D3FE90A}.Debug|iPhoneSimulator.ActiveCfg = Debug|Any CPU
		{8798BF0A-0105-44FC-8CA9-2C310D3FE90A}.Debug|iPhoneSimulator.Build.0 = Debug|Any CPU
		{8798BF0A-0105-44FC-8CA9-2C310D3FE90A}.Debug|x64.ActiveCfg = Debug|Any CPU
		{8798BF0A-0105-44FC-8CA9-2C310D3FE90A}.Debug|x64.Build.0 = Debug|Any CPU
		{8798BF0A-0105-44FC-8CA9-2C310D3FE90A}.Debug|x86.ActiveCfg = Debug|Any CPU
		{8798BF0A-0105-44FC-8CA9-2C310D3FE90A}.Debug|x86.Build.0 = Debug|Any CPU
		{8798BF0A-0105-44FC-8CA9-2C310D3FE90A}.Release|Any CPU.ActiveCfg = Release|Any CPU
		{8798BF0A-0105-44FC-8CA9-2C310D3FE90A}.Release|Any CPU.Build.0 = Release|Any CPU
		{8798BF0A-0105-44FC-8CA9-2C310D3FE90A}.Release|ARM.ActiveCfg = Release|Any CPU
		{8798BF0A-0105-44FC-8CA9-2C310D3FE90A}.Release|ARM.Build.0 = Release|Any CPU
		{8798BF0A-0105-44FC-8CA9-2C310D3FE90A}.Release|iPhone.ActiveCfg = Release|Any CPU
		{8798BF0A-0105-44FC-8CA9-2C310D3FE90A}.Release|iPhone.Build.0 = Release|Any CPU
		{8798BF0A-0105-44FC-8CA9-2C310D3FE90A}.Release|iPhoneSimulator.ActiveCfg = Release|Any CPU
		{8798BF0A-0105-44FC-8CA9-2C310D3FE90A}.Release|iPhoneSimulator.Build.0 = Release|Any CPU
		{8798BF0A-0105-44FC-8CA9-2C310D3FE90A}.Release|x64.ActiveCfg = Release|Any CPU
		{8798BF0A-0105-44FC-8CA9-2C310D3FE90A}.Release|x64.Build.0 = Release|Any CPU
		{8798BF0A-0105-44FC-8CA9-2C310D3FE90A}.Release|x86.ActiveCfg = Release|Any CPU
		{8798BF0A-0105-44FC-8CA9-2C310D3FE90A}.Release|x86.Build.0 = Release|Any CPU
		{5CDE060D-C365-45E9-943A-94F74321DE34}.Ad-Hoc|Any CPU.ActiveCfg = Release|x86
		{5CDE060D-C365-45E9-943A-94F74321DE34}.Ad-Hoc|Any CPU.Build.0 = Release|x86
		{5CDE060D-C365-45E9-943A-94F74321DE34}.Ad-Hoc|Any CPU.Deploy.0 = Release|x86
		{5CDE060D-C365-45E9-943A-94F74321DE34}.Ad-Hoc|ARM.ActiveCfg = Release|ARM
		{5CDE060D-C365-45E9-943A-94F74321DE34}.Ad-Hoc|ARM.Build.0 = Release|ARM
		{5CDE060D-C365-45E9-943A-94F74321DE34}.Ad-Hoc|ARM.Deploy.0 = Release|ARM
		{5CDE060D-C365-45E9-943A-94F74321DE34}.Ad-Hoc|iPhone.ActiveCfg = Release|x86
		{5CDE060D-C365-45E9-943A-94F74321DE34}.Ad-Hoc|iPhone.Build.0 = Release|x86
		{5CDE060D-C365-45E9-943A-94F74321DE34}.Ad-Hoc|iPhone.Deploy.0 = Release|x86
		{5CDE060D-C365-45E9-943A-94F74321DE34}.Ad-Hoc|iPhoneSimulator.ActiveCfg = Release|x86
		{5CDE060D-C365-45E9-943A-94F74321DE34}.Ad-Hoc|iPhoneSimulator.Build.0 = Release|x86
		{5CDE060D-C365-45E9-943A-94F74321DE34}.Ad-Hoc|iPhoneSimulator.Deploy.0 = Release|x86
		{5CDE060D-C365-45E9-943A-94F74321DE34}.Ad-Hoc|x64.ActiveCfg = Release|x64
		{5CDE060D-C365-45E9-943A-94F74321DE34}.Ad-Hoc|x64.Build.0 = Release|x64
		{5CDE060D-C365-45E9-943A-94F74321DE34}.Ad-Hoc|x64.Deploy.0 = Release|x64
		{5CDE060D-C365-45E9-943A-94F74321DE34}.Ad-Hoc|x86.ActiveCfg = Release|x86
		{5CDE060D-C365-45E9-943A-94F74321DE34}.Ad-Hoc|x86.Build.0 = Release|x86
		{5CDE060D-C365-45E9-943A-94F74321DE34}.Ad-Hoc|x86.Deploy.0 = Release|x86
		{5CDE060D-C365-45E9-943A-94F74321DE34}.AppStore|Any CPU.ActiveCfg = Release|x86
		{5CDE060D-C365-45E9-943A-94F74321DE34}.AppStore|Any CPU.Build.0 = Release|x86
		{5CDE060D-C365-45E9-943A-94F74321DE34}.AppStore|Any CPU.Deploy.0 = Release|x86
		{5CDE060D-C365-45E9-943A-94F74321DE34}.AppStore|ARM.ActiveCfg = Release|ARM
		{5CDE060D-C365-45E9-943A-94F74321DE34}.AppStore|ARM.Build.0 = Release|ARM
		{5CDE060D-C365-45E9-943A-94F74321DE34}.AppStore|ARM.Deploy.0 = Release|ARM
		{5CDE060D-C365-45E9-943A-94F74321DE34}.AppStore|iPhone.ActiveCfg = Release|x86
		{5CDE060D-C365-45E9-943A-94F74321DE34}.AppStore|iPhone.Build.0 = Release|x86
		{5CDE060D-C365-45E9-943A-94F74321DE34}.AppStore|iPhone.Deploy.0 = Release|x86
		{5CDE060D-C365-45E9-943A-94F74321DE34}.AppStore|iPhoneSimulator.ActiveCfg = Release|x86
		{5CDE060D-C365-45E9-943A-94F74321DE34}.AppStore|iPhoneSimulator.Build.0 = Release|x86
		{5CDE060D-C365-45E9-943A-94F74321DE34}.AppStore|iPhoneSimulator.Deploy.0 = Release|x86
		{5CDE060D-C365-45E9-943A-94F74321DE34}.AppStore|x64.ActiveCfg = Release|x64
		{5CDE060D-C365-45E9-943A-94F74321DE34}.AppStore|x64.Build.0 = Release|x64
		{5CDE060D-C365-45E9-943A-94F74321DE34}.AppStore|x64.Deploy.0 = Release|x64
		{5CDE060D-C365-45E9-943A-94F74321DE34}.AppStore|x86.ActiveCfg = Release|x86
		{5CDE060D-C365-45E9-943A-94F74321DE34}.AppStore|x86.Build.0 = Release|x86
		{5CDE060D-C365-45E9-943A-94F74321DE34}.AppStore|x86.Deploy.0 = Release|x86
		{5CDE060D-C365-45E9-943A-94F74321DE34}.Debug|Any CPU.ActiveCfg = Debug|x86
		{5CDE060D-C365-45E9-943A-94F74321DE34}.Debug|ARM.ActiveCfg = Debug|ARM
		{5CDE060D-C365-45E9-943A-94F74321DE34}.Debug|ARM.Build.0 = Debug|ARM
		{5CDE060D-C365-45E9-943A-94F74321DE34}.Debug|ARM.Deploy.0 = Debug|ARM
		{5CDE060D-C365-45E9-943A-94F74321DE34}.Debug|iPhone.ActiveCfg = Debug|x86
		{5CDE060D-C365-45E9-943A-94F74321DE34}.Debug|iPhoneSimulator.ActiveCfg = Debug|x86
		{5CDE060D-C365-45E9-943A-94F74321DE34}.Debug|x64.ActiveCfg = Debug|x64
		{5CDE060D-C365-45E9-943A-94F74321DE34}.Debug|x64.Build.0 = Debug|x64
		{5CDE060D-C365-45E9-943A-94F74321DE34}.Debug|x64.Deploy.0 = Debug|x64
		{5CDE060D-C365-45E9-943A-94F74321DE34}.Debug|x86.ActiveCfg = Debug|x86
		{5CDE060D-C365-45E9-943A-94F74321DE34}.Debug|x86.Build.0 = Debug|x86
		{5CDE060D-C365-45E9-943A-94F74321DE34}.Debug|x86.Deploy.0 = Debug|x86
		{5CDE060D-C365-45E9-943A-94F74321DE34}.Release|Any CPU.ActiveCfg = Release|x86
		{5CDE060D-C365-45E9-943A-94F74321DE34}.Release|ARM.ActiveCfg = Release|ARM
		{5CDE060D-C365-45E9-943A-94F74321DE34}.Release|ARM.Build.0 = Release|ARM
		{5CDE060D-C365-45E9-943A-94F74321DE34}.Release|ARM.Deploy.0 = Release|ARM
		{5CDE060D-C365-45E9-943A-94F74321DE34}.Release|iPhone.ActiveCfg = Release|x86
		{5CDE060D-C365-45E9-943A-94F74321DE34}.Release|iPhoneSimulator.ActiveCfg = Release|x86
		{5CDE060D-C365-45E9-943A-94F74321DE34}.Release|x64.ActiveCfg = Release|x64
		{5CDE060D-C365-45E9-943A-94F74321DE34}.Release|x64.Build.0 = Release|x64
		{5CDE060D-C365-45E9-943A-94F74321DE34}.Release|x64.Deploy.0 = Release|x64
		{5CDE060D-C365-45E9-943A-94F74321DE34}.Release|x86.ActiveCfg = Release|x86
		{5CDE060D-C365-45E9-943A-94F74321DE34}.Release|x86.Build.0 = Release|x86
		{5CDE060D-C365-45E9-943A-94F74321DE34}.Release|x86.Deploy.0 = Release|x86
		{D45BB954-8254-4FBE-AFDA-0C5735EA9641}.Ad-Hoc|Any CPU.ActiveCfg = Ad-Hoc|iPhone
		{D45BB954-8254-4FBE-AFDA-0C5735EA9641}.Ad-Hoc|ARM.ActiveCfg = Ad-Hoc|iPhone
		{D45BB954-8254-4FBE-AFDA-0C5735EA9641}.Ad-Hoc|iPhone.ActiveCfg = Ad-Hoc|iPhone
		{D45BB954-8254-4FBE-AFDA-0C5735EA9641}.Ad-Hoc|iPhone.Build.0 = Ad-Hoc|iPhone
		{D45BB954-8254-4FBE-AFDA-0C5735EA9641}.Ad-Hoc|iPhoneSimulator.ActiveCfg = Ad-Hoc|iPhoneSimulator
		{D45BB954-8254-4FBE-AFDA-0C5735EA9641}.Ad-Hoc|iPhoneSimulator.Build.0 = Ad-Hoc|iPhoneSimulator
		{D45BB954-8254-4FBE-AFDA-0C5735EA9641}.Ad-Hoc|x64.ActiveCfg = Ad-Hoc|iPhone
		{D45BB954-8254-4FBE-AFDA-0C5735EA9641}.Ad-Hoc|x86.ActiveCfg = Ad-Hoc|iPhone
		{D45BB954-8254-4FBE-AFDA-0C5735EA9641}.AppStore|Any CPU.ActiveCfg = AppStore|iPhone
		{D45BB954-8254-4FBE-AFDA-0C5735EA9641}.AppStore|ARM.ActiveCfg = AppStore|iPhone
		{D45BB954-8254-4FBE-AFDA-0C5735EA9641}.AppStore|iPhone.ActiveCfg = AppStore|iPhone
		{D45BB954-8254-4FBE-AFDA-0C5735EA9641}.AppStore|iPhone.Build.0 = AppStore|iPhone
		{D45BB954-8254-4FBE-AFDA-0C5735EA9641}.AppStore|iPhoneSimulator.ActiveCfg = AppStore|iPhoneSimulator
		{D45BB954-8254-4FBE-AFDA-0C5735EA9641}.AppStore|iPhoneSimulator.Build.0 = AppStore|iPhoneSimulator
		{D45BB954-8254-4FBE-AFDA-0C5735EA9641}.AppStore|x64.ActiveCfg = AppStore|iPhone
		{D45BB954-8254-4FBE-AFDA-0C5735EA9641}.AppStore|x86.ActiveCfg = AppStore|iPhone
		{D45BB954-8254-4FBE-AFDA-0C5735EA9641}.Debug|Any CPU.ActiveCfg = Debug|iPhone
		{D45BB954-8254-4FBE-AFDA-0C5735EA9641}.Debug|ARM.ActiveCfg = Debug|iPhone
		{D45BB954-8254-4FBE-AFDA-0C5735EA9641}.Debug|iPhone.ActiveCfg = Debug|iPhone
		{D45BB954-8254-4FBE-AFDA-0C5735EA9641}.Debug|iPhone.Build.0 = Debug|iPhone
		{D45BB954-8254-4FBE-AFDA-0C5735EA9641}.Debug|iPhoneSimulator.ActiveCfg = Debug|iPhoneSimulator
		{D45BB954-8254-4FBE-AFDA-0C5735EA9641}.Debug|iPhoneSimulator.Build.0 = Debug|iPhoneSimulator
		{D45BB954-8254-4FBE-AFDA-0C5735EA9641}.Debug|x64.ActiveCfg = Debug|iPhone
		{D45BB954-8254-4FBE-AFDA-0C5735EA9641}.Debug|x86.ActiveCfg = Debug|iPhone
		{D45BB954-8254-4FBE-AFDA-0C5735EA9641}.Release|Any CPU.ActiveCfg = Release|iPhone
		{D45BB954-8254-4FBE-AFDA-0C5735EA9641}.Release|ARM.ActiveCfg = Release|iPhone
		{D45BB954-8254-4FBE-AFDA-0C5735EA9641}.Release|iPhone.ActiveCfg = Release|iPhone
		{D45BB954-8254-4FBE-AFDA-0C5735EA9641}.Release|iPhone.Build.0 = Release|iPhone
		{D45BB954-8254-4FBE-AFDA-0C5735EA9641}.Release|iPhoneSimulator.ActiveCfg = Release|iPhoneSimulator
		{D45BB954-8254-4FBE-AFDA-0C5735EA9641}.Release|iPhoneSimulator.Build.0 = Release|iPhoneSimulator
		{D45BB954-8254-4FBE-AFDA-0C5735EA9641}.Release|x64.ActiveCfg = Release|iPhone
		{D45BB954-8254-4FBE-AFDA-0C5735EA9641}.Release|x86.ActiveCfg = Release|iPhone
	EndGlobalSection
	GlobalSection(SolutionProperties) = preSolution
		HideSolutionNode = FALSE
	EndGlobalSection
EndGlobal
